// !$*UTF8*$!
{
	archiveVersion = 1;
	classes = {
	};
	objectVersion = 50;
	objects = {

/* Begin PBXBuildFile section */
		7135CAA2237A330C00FA7652 /* PinterestLayout.swift in Sources */ = {isa = PBXBuildFile; fileRef = 7135CAA1237A330C00FA7652 /* PinterestLayout.swift */; };
		7172020E2379EE690079D5E2 /* PhotoCell.swift in Sources */ = {isa = PBXBuildFile; fileRef = 7172020D2379EE690079D5E2 /* PhotoCell.swift */; };
		7190D96B237413FA00A78525 /* AppDelegate.swift in Sources */ = {isa = PBXBuildFile; fileRef = 7190D96A237413FA00A78525 /* AppDelegate.swift */; };
		7190D96D237413FA00A78525 /* SceneDelegate.swift in Sources */ = {isa = PBXBuildFile; fileRef = 7190D96C237413FA00A78525 /* SceneDelegate.swift */; };
		7190D972237413FA00A78525 /* Main.storyboard in Resources */ = {isa = PBXBuildFile; fileRef = 7190D970237413FA00A78525 /* Main.storyboard */; };
		7190D974237413FB00A78525 /* Assets.xcassets in Resources */ = {isa = PBXBuildFile; fileRef = 7190D973237413FB00A78525 /* Assets.xcassets */; };
		7190D977237413FB00A78525 /* LaunchScreen.storyboard in Resources */ = {isa = PBXBuildFile; fileRef = 7190D975237413FB00A78525 /* LaunchScreen.storyboard */; };
		7190D99B237421FC00A78525 /* CatsViewController.swift in Sources */ = {isa = PBXBuildFile; fileRef = 7190D99A237421FC00A78525 /* CatsViewController.swift */; };
		71D81E8B237B01290044D657 /* ViewModel.swift in Sources */ = {isa = PBXBuildFile; fileRef = 71D81E8A237B01290044D657 /* ViewModel.swift */; };
		71D81E92237B018B0044D657 /* CatImages.swift in Sources */ = {isa = PBXBuildFile; fileRef = 71D81E8E237B018A0044D657 /* CatImages.swift */; };
		71D81E93237B018B0044D657 /* HttpClientProtocol.swift in Sources */ = {isa = PBXBuildFile; fileRef = 71D81E8F237B018B0044D657 /* HttpClientProtocol.swift */; };
		864B3D4E23900DEB00704766 /* StringExtensions.swift in Sources */ = {isa = PBXBuildFile; fileRef = 864B3D4D23900DEB00704766 /* StringExtensions.swift */; };
		864B3D512390195D00704766 /* ApiConstants.swift in Sources */ = {isa = PBXBuildFile; fileRef = 864B3D502390195D00704766 /* ApiConstants.swift */; };
		864B3D53239021F000704766 /* PhotoRequest.swift in Sources */ = {isa = PBXBuildFile; fileRef = 864B3D52239021F000704766 /* PhotoRequest.swift */; };
		864B3D56239024E100704766 /* PhotoAccessor.swift in Sources */ = {isa = PBXBuildFile; fileRef = 864B3D55239024E100704766 /* PhotoAccessor.swift */; };
		864B3D5823902EA400704766 /* PhotoError.swift in Sources */ = {isa = PBXBuildFile; fileRef = 864B3D5723902EA400704766 /* PhotoError.swift */; };
		864B3D5A2390312E00704766 /* DownloadRequest.swift in Sources */ = {isa = PBXBuildFile; fileRef = 864B3D592390312E00704766 /* DownloadRequest.swift */; };
		864B3D5F2390336800704766 /* AccessorFactory.swift in Sources */ = {isa = PBXBuildFile; fileRef = 864B3D5E2390336800704766 /* AccessorFactory.swift */; };
		864B3D7523903C7600704766 /* PhotoAccessorTestCases.swift in Sources */ = {isa = PBXBuildFile; fileRef = 864B3D7423903C7600704766 /* PhotoAccessorTestCases.swift */; };
		864B3D77239041F100704766 /* PhotoCategory.swift in Sources */ = {isa = PBXBuildFile; fileRef = 864B3D76239041F100704766 /* PhotoCategory.swift */; };
/* End PBXBuildFile section */

/* Begin PBXContainerItemProxy section */
		864B3D6E23903C3F00704766 /* PBXContainerItemProxy */ = {
			isa = PBXContainerItemProxy;
			containerPortal = 7190D95F237413FA00A78525 /* Project object */;
			proxyType = 1;
			remoteGlobalIDString = 7190D966237413FA00A78525;
			remoteInfo = CatsCollectionApp;
		};
/* End PBXContainerItemProxy section */

/* Begin PBXFileReference section */
		7135CAA1237A330C00FA7652 /* PinterestLayout.swift */ = {isa = PBXFileReference; fileEncoding = 4; lastKnownFileType = sourcecode.swift; path = PinterestLayout.swift; sourceTree = "<group>"; };
		7172020D2379EE690079D5E2 /* PhotoCell.swift */ = {isa = PBXFileReference; lastKnownFileType = sourcecode.swift; path = PhotoCell.swift; sourceTree = "<group>"; };
		7190D967237413FA00A78525 /* CatsCollectionApp.app */ = {isa = PBXFileReference; explicitFileType = wrapper.application; includeInIndex = 0; path = CatsCollectionApp.app; sourceTree = BUILT_PRODUCTS_DIR; };
		7190D96A237413FA00A78525 /* AppDelegate.swift */ = {isa = PBXFileReference; lastKnownFileType = sourcecode.swift; path = AppDelegate.swift; sourceTree = "<group>"; };
		7190D96C237413FA00A78525 /* SceneDelegate.swift */ = {isa = PBXFileReference; lastKnownFileType = sourcecode.swift; path = SceneDelegate.swift; sourceTree = "<group>"; };
		7190D971237413FA00A78525 /* Base */ = {isa = PBXFileReference; lastKnownFileType = file.storyboard; name = Base; path = Base.lproj/Main.storyboard; sourceTree = "<group>"; };
		7190D973237413FB00A78525 /* Assets.xcassets */ = {isa = PBXFileReference; lastKnownFileType = folder.assetcatalog; path = Assets.xcassets; sourceTree = "<group>"; };
		7190D976237413FB00A78525 /* Base */ = {isa = PBXFileReference; lastKnownFileType = file.storyboard; name = Base; path = Base.lproj/LaunchScreen.storyboard; sourceTree = "<group>"; };
		7190D978237413FB00A78525 /* Info.plist */ = {isa = PBXFileReference; lastKnownFileType = text.plist.xml; path = Info.plist; sourceTree = "<group>"; };
		7190D99A237421FC00A78525 /* CatsViewController.swift */ = {isa = PBXFileReference; lastKnownFileType = sourcecode.swift; path = CatsViewController.swift; sourceTree = "<group>"; };
		71D81E8A237B01290044D657 /* ViewModel.swift */ = {isa = PBXFileReference; lastKnownFileType = sourcecode.swift; path = ViewModel.swift; sourceTree = "<group>"; };
		71D81E8E237B018A0044D657 /* CatImages.swift */ = {isa = PBXFileReference; fileEncoding = 4; lastKnownFileType = sourcecode.swift; path = CatImages.swift; sourceTree = "<group>"; };
		71D81E8F237B018B0044D657 /* HttpClientProtocol.swift */ = {isa = PBXFileReference; fileEncoding = 4; lastKnownFileType = sourcecode.swift; path = HttpClientProtocol.swift; sourceTree = "<group>"; };
		864B3D4D23900DEB00704766 /* StringExtensions.swift */ = {isa = PBXFileReference; lastKnownFileType = sourcecode.swift; path = StringExtensions.swift; sourceTree = "<group>"; };
		864B3D502390195D00704766 /* ApiConstants.swift */ = {isa = PBXFileReference; lastKnownFileType = sourcecode.swift; path = ApiConstants.swift; sourceTree = "<group>"; };
		864B3D52239021F000704766 /* PhotoRequest.swift */ = {isa = PBXFileReference; lastKnownFileType = sourcecode.swift; path = PhotoRequest.swift; sourceTree = "<group>"; };
		864B3D55239024E100704766 /* PhotoAccessor.swift */ = {isa = PBXFileReference; lastKnownFileType = sourcecode.swift; path = PhotoAccessor.swift; sourceTree = "<group>"; };
		864B3D5723902EA400704766 /* PhotoError.swift */ = {isa = PBXFileReference; lastKnownFileType = sourcecode.swift; path = PhotoError.swift; sourceTree = "<group>"; };
		864B3D592390312E00704766 /* DownloadRequest.swift */ = {isa = PBXFileReference; lastKnownFileType = sourcecode.swift; path = DownloadRequest.swift; sourceTree = "<group>"; };
		864B3D5E2390336800704766 /* AccessorFactory.swift */ = {isa = PBXFileReference; lastKnownFileType = sourcecode.swift; path = AccessorFactory.swift; sourceTree = "<group>"; };
		864B3D6923903C3F00704766 /* CatsCollectionAppTests.xctest */ = {isa = PBXFileReference; explicitFileType = wrapper.cfbundle; includeInIndex = 0; path = CatsCollectionAppTests.xctest; sourceTree = BUILT_PRODUCTS_DIR; };
		864B3D6D23903C3F00704766 /* Info.plist */ = {isa = PBXFileReference; lastKnownFileType = text.plist.xml; path = Info.plist; sourceTree = "<group>"; };
		864B3D7423903C7600704766 /* PhotoAccessorTestCases.swift */ = {isa = PBXFileReference; lastKnownFileType = sourcecode.swift; path = PhotoAccessorTestCases.swift; sourceTree = "<group>"; };
		864B3D76239041F100704766 /* PhotoCategory.swift */ = {isa = PBXFileReference; lastKnownFileType = sourcecode.swift; path = PhotoCategory.swift; sourceTree = "<group>"; };
/* End PBXFileReference section */

/* Begin PBXFrameworksBuildPhase section */
		7190D964237413FA00A78525 /* Frameworks */ = {
			isa = PBXFrameworksBuildPhase;
			buildActionMask = 2147483647;
			files = (
			);
			runOnlyForDeploymentPostprocessing = 0;
		};
		864B3D6623903C3F00704766 /* Frameworks */ = {
			isa = PBXFrameworksBuildPhase;
			buildActionMask = 2147483647;
			files = (
			);
			runOnlyForDeploymentPostprocessing = 0;
		};
/* End PBXFrameworksBuildPhase section */

/* Begin PBXGroup section */
		7172020C2379EE2D0079D5E2 /* Views */ = {
			isa = PBXGroup;
			children = (
				7172020D2379EE690079D5E2 /* PhotoCell.swift */,
				7135CAA1237A330C00FA7652 /* PinterestLayout.swift */,
			);
			path = Views;
			sourceTree = "<group>";
		};
		7172020F2379F09B0079D5E2 /* Networking */ = {
			isa = PBXGroup;
			children = (
				71D81E8F237B018B0044D657 /* HttpClientProtocol.swift */,
				864B3D52239021F000704766 /* PhotoRequest.swift */,
				864B3D592390312E00704766 /* DownloadRequest.swift */,
			);
			path = Networking;
			sourceTree = "<group>";
		};
		717202102379F0A60079D5E2 /* Model */ = {
			isa = PBXGroup;
			children = (
				71D81E8E237B018A0044D657 /* CatImages.swift */,
			);
			path = Model;
			sourceTree = "<group>";
		};
		7190D95E237413FA00A78525 = {
			isa = PBXGroup;
			children = (
				7190D969237413FA00A78525 /* CatsCollectionApp */,
				864B3D6A23903C3F00704766 /* CatsCollectionAppTests */,
				7190D968237413FA00A78525 /* Products */,
			);
			sourceTree = "<group>";
		};
		7190D968237413FA00A78525 /* Products */ = {
			isa = PBXGroup;
			children = (
				7190D967237413FA00A78525 /* CatsCollectionApp.app */,
				864B3D6923903C3F00704766 /* CatsCollectionAppTests.xctest */,
			);
			name = Products;
			sourceTree = "<group>";
		};
		7190D969237413FA00A78525 /* CatsCollectionApp */ = {
			isa = PBXGroup;
			children = (
				864B3D54239024CF00704766 /* DataAccessor */,
				864B3D4F2390193B00704766 /* Common */,
				864B3D4C23900DDA00704766 /* Extensions */,
				71D81E87237B00DD0044D657 /* ViewModels */,
				7172020F2379F09B0079D5E2 /* Networking */,
				717202102379F0A60079D5E2 /* Model */,
				7172020C2379EE2D0079D5E2 /* Views */,
				7190D96A237413FA00A78525 /* AppDelegate.swift */,
				7190D96C237413FA00A78525 /* SceneDelegate.swift */,
				7190D99A237421FC00A78525 /* CatsViewController.swift */,
				7190D970237413FA00A78525 /* Main.storyboard */,
				7190D973237413FB00A78525 /* Assets.xcassets */,
				7190D975237413FB00A78525 /* LaunchScreen.storyboard */,
				7190D978237413FB00A78525 /* Info.plist */,
			);
			path = CatsCollectionApp;
			sourceTree = "<group>";
		};
		71D81E87237B00DD0044D657 /* ViewModels */ = {
			isa = PBXGroup;
			children = (
				71D81E8A237B01290044D657 /* ViewModel.swift */,
			);
			path = ViewModels;
			sourceTree = "<group>";
		};
		864B3D4C23900DDA00704766 /* Extensions */ = {
			isa = PBXGroup;
			children = (
				864B3D4D23900DEB00704766 /* StringExtensions.swift */,
			);
			path = Extensions;
			sourceTree = "<group>";
		};
		864B3D4F2390193B00704766 /* Common */ = {
			isa = PBXGroup;
			children = (
				864B3D502390195D00704766 /* ApiConstants.swift */,
				864B3D5723902EA400704766 /* PhotoError.swift */,
				864B3D76239041F100704766 /* PhotoCategory.swift */,
			);
			path = Common;
			sourceTree = "<group>";
		};
		864B3D54239024CF00704766 /* DataAccessor */ = {
			isa = PBXGroup;
			children = (
				864B3D55239024E100704766 /* PhotoAccessor.swift */,
				864B3D5E2390336800704766 /* AccessorFactory.swift */,
			);
			path = DataAccessor;
			sourceTree = "<group>";
		};
		864B3D6A23903C3F00704766 /* CatsCollectionAppTests */ = {
			isa = PBXGroup;
			children = (
				864B3D7323903C6A00704766 /* AccessorTests */,
				864B3D6D23903C3F00704766 /* Info.plist */,
			);
			path = CatsCollectionAppTests;
			sourceTree = "<group>";
		};
		864B3D7323903C6A00704766 /* AccessorTests */ = {
			isa = PBXGroup;
			children = (
				864B3D7423903C7600704766 /* PhotoAccessorTestCases.swift */,
			);
			path = AccessorTests;
			sourceTree = "<group>";
		};
/* End PBXGroup section */

/* Begin PBXNativeTarget section */
		7190D966237413FA00A78525 /* CatsCollectionApp */ = {
			isa = PBXNativeTarget;
			buildConfigurationList = 7190D991237413FB00A78525 /* Build configuration list for PBXNativeTarget "CatsCollectionApp" */;
			buildPhases = (
				7190D963237413FA00A78525 /* Sources */,
				7190D964237413FA00A78525 /* Frameworks */,
				7190D965237413FA00A78525 /* Resources */,
			);
			buildRules = (
			);
			dependencies = (
			);
			name = CatsCollectionApp;
			productName = CatsCollectionApp;
			productReference = 7190D967237413FA00A78525 /* CatsCollectionApp.app */;
			productType = "com.apple.product-type.application";
		};
		864B3D6823903C3F00704766 /* CatsCollectionAppTests */ = {
			isa = PBXNativeTarget;
			buildConfigurationList = 864B3D7023903C3F00704766 /* Build configuration list for PBXNativeTarget "CatsCollectionAppTests" */;
			buildPhases = (
				864B3D6523903C3F00704766 /* Sources */,
				864B3D6623903C3F00704766 /* Frameworks */,
				864B3D6723903C3F00704766 /* Resources */,
			);
			buildRules = (
			);
			dependencies = (
				864B3D6F23903C3F00704766 /* PBXTargetDependency */,
			);
			name = CatsCollectionAppTests;
			productName = CatsCollectionAppTests;
			productReference = 864B3D6923903C3F00704766 /* CatsCollectionAppTests.xctest */;
			productType = "com.apple.product-type.bundle.unit-test";
		};
/* End PBXNativeTarget section */

/* Begin PBXProject section */
		7190D95F237413FA00A78525 /* Project object */ = {
			isa = PBXProject;
			attributes = {
				LastSwiftUpdateCheck = 1120;
				LastUpgradeCheck = 1120;
				ORGANIZATIONNAME = "Naina Soni";
				TargetAttributes = {
					7190D966237413FA00A78525 = {
						CreatedOnToolsVersion = 11.2;
					};
					864B3D6823903C3F00704766 = {
						CreatedOnToolsVersion = 11.2.1;
						TestTargetID = 7190D966237413FA00A78525;
					};
				};
			};
			buildConfigurationList = 7190D962237413FA00A78525 /* Build configuration list for PBXProject "CatsCollectionApp" */;
			compatibilityVersion = "Xcode 9.3";
			developmentRegion = en;
			hasScannedForEncodings = 0;
			knownRegions = (
				en,
				Base,
			);
			mainGroup = 7190D95E237413FA00A78525;
			productRefGroup = 7190D968237413FA00A78525 /* Products */;
			projectDirPath = "";
			projectRoot = "";
			targets = (
				7190D966237413FA00A78525 /* CatsCollectionApp */,
				864B3D6823903C3F00704766 /* CatsCollectionAppTests */,
			);
		};
/* End PBXProject section */

/* Begin PBXResourcesBuildPhase section */
		7190D965237413FA00A78525 /* Resources */ = {
			isa = PBXResourcesBuildPhase;
			buildActionMask = 2147483647;
			files = (
				7190D977237413FB00A78525 /* LaunchScreen.storyboard in Resources */,
				7190D974237413FB00A78525 /* Assets.xcassets in Resources */,
				7190D972237413FA00A78525 /* Main.storyboard in Resources */,
			);
			runOnlyForDeploymentPostprocessing = 0;
		};
		864B3D6723903C3F00704766 /* Resources */ = {
			isa = PBXResourcesBuildPhase;
			buildActionMask = 2147483647;
			files = (
			);
			runOnlyForDeploymentPostprocessing = 0;
		};
/* End PBXResourcesBuildPhase section */

/* Begin PBXSourcesBuildPhase section */
		7190D963237413FA00A78525 /* Sources */ = {
			isa = PBXSourcesBuildPhase;
			buildActionMask = 2147483647;
			files = (
				71D81E8B237B01290044D657 /* ViewModel.swift in Sources */,
				864B3D512390195D00704766 /* ApiConstants.swift in Sources */,
				7172020E2379EE690079D5E2 /* PhotoCell.swift in Sources */,
				864B3D56239024E100704766 /* PhotoAccessor.swift in Sources */,
				71D81E92237B018B0044D657 /* CatImages.swift in Sources */,
				7190D99B237421FC00A78525 /* CatsViewController.swift in Sources */,
				864B3D77239041F100704766 /* PhotoCategory.swift in Sources */,
				864B3D53239021F000704766 /* PhotoRequest.swift in Sources */,
				864B3D5A2390312E00704766 /* DownloadRequest.swift in Sources */,
				864B3D5F2390336800704766 /* AccessorFactory.swift in Sources */,
				7135CAA2237A330C00FA7652 /* PinterestLayout.swift in Sources */,
				864B3D5823902EA400704766 /* PhotoError.swift in Sources */,
				864B3D4E23900DEB00704766 /* StringExtensions.swift in Sources */,
				71D81E93237B018B0044D657 /* HttpClientProtocol.swift in Sources */,
				7190D96B237413FA00A78525 /* AppDelegate.swift in Sources */,
				7190D96D237413FA00A78525 /* SceneDelegate.swift in Sources */,
			);
			runOnlyForDeploymentPostprocessing = 0;
		};
		864B3D6523903C3F00704766 /* Sources */ = {
			isa = PBXSourcesBuildPhase;
			buildActionMask = 2147483647;
			files = (
				864B3D7523903C7600704766 /* PhotoAccessorTestCases.swift in Sources */,
			);
			runOnlyForDeploymentPostprocessing = 0;
		};
/* End PBXSourcesBuildPhase section */

/* Begin PBXTargetDependency section */
		864B3D6F23903C3F00704766 /* PBXTargetDependency */ = {
			isa = PBXTargetDependency;
			target = 7190D966237413FA00A78525 /* CatsCollectionApp */;
			targetProxy = 864B3D6E23903C3F00704766 /* PBXContainerItemProxy */;
		};
/* End PBXTargetDependency section */

/* Begin PBXVariantGroup section */
		7190D970237413FA00A78525 /* Main.storyboard */ = {
			isa = PBXVariantGroup;
			children = (
				7190D971237413FA00A78525 /* Base */,
			);
			name = Main.storyboard;
			sourceTree = "<group>";
		};
		7190D975237413FB00A78525 /* LaunchScreen.storyboard */ = {
			isa = PBXVariantGroup;
			children = (
				7190D976237413FB00A78525 /* Base */,
			);
			name = LaunchScreen.storyboard;
			sourceTree = "<group>";
		};
/* End PBXVariantGroup section */

/* Begin XCBuildConfiguration section */
		7190D98F237413FB00A78525 /* Debug */ = {
			isa = XCBuildConfiguration;
			buildSettings = {
				ALWAYS_SEARCH_USER_PATHS = NO;
				CLANG_ANALYZER_NONNULL = YES;
				CLANG_ANALYZER_NUMBER_OBJECT_CONVERSION = YES_AGGRESSIVE;
				CLANG_CXX_LANGUAGE_STANDARD = "gnu++14";
				CLANG_CXX_LIBRARY = "libc++";
				CLANG_ENABLE_MODULES = YES;
				CLANG_ENABLE_OBJC_ARC = YES;
				CLANG_ENABLE_OBJC_WEAK = YES;
				CLANG_WARN_BLOCK_CAPTURE_AUTORELEASING = YES;
				CLANG_WARN_BOOL_CONVERSION = YES;
				CLANG_WARN_COMMA = YES;
				CLANG_WARN_CONSTANT_CONVERSION = YES;
				CLANG_WARN_DEPRECATED_OBJC_IMPLEMENTATIONS = YES;
				CLANG_WARN_DIRECT_OBJC_ISA_USAGE = YES_ERROR;
				CLANG_WARN_DOCUMENTATION_COMMENTS = YES;
				CLANG_WARN_EMPTY_BODY = YES;
				CLANG_WARN_ENUM_CONVERSION = YES;
				CLANG_WARN_INFINITE_RECURSION = YES;
				CLANG_WARN_INT_CONVERSION = YES;
				CLANG_WARN_NON_LITERAL_NULL_CONVERSION = YES;
				CLANG_WARN_OBJC_IMPLICIT_RETAIN_SELF = YES;
				CLANG_WARN_OBJC_LITERAL_CONVERSION = YES;
				CLANG_WARN_OBJC_ROOT_CLASS = YES_ERROR;
				CLANG_WARN_RANGE_LOOP_ANALYSIS = YES;
				CLANG_WARN_STRICT_PROTOTYPES = YES;
				CLANG_WARN_SUSPICIOUS_MOVE = YES;
				CLANG_WARN_UNGUARDED_AVAILABILITY = YES_AGGRESSIVE;
				CLANG_WARN_UNREACHABLE_CODE = YES;
				CLANG_WARN__DUPLICATE_METHOD_MATCH = YES;
				COPY_PHASE_STRIP = NO;
				DEBUG_INFORMATION_FORMAT = dwarf;
				ENABLE_STRICT_OBJC_MSGSEND = YES;
				ENABLE_TESTABILITY = YES;
				GCC_C_LANGUAGE_STANDARD = gnu11;
				GCC_DYNAMIC_NO_PIC = NO;
				GCC_NO_COMMON_BLOCKS = YES;
				GCC_OPTIMIZATION_LEVEL = 0;
				GCC_PREPROCESSOR_DEFINITIONS = (
					"DEBUG=1",
					"$(inherited)",
				);
				GCC_WARN_64_TO_32_BIT_CONVERSION = YES;
				GCC_WARN_ABOUT_RETURN_TYPE = YES_ERROR;
				GCC_WARN_UNDECLARED_SELECTOR = YES;
				GCC_WARN_UNINITIALIZED_AUTOS = YES_AGGRESSIVE;
				GCC_WARN_UNUSED_FUNCTION = YES;
				GCC_WARN_UNUSED_VARIABLE = YES;
				IPHONEOS_DEPLOYMENT_TARGET = 13.2;
				MTL_ENABLE_DEBUG_INFO = INCLUDE_SOURCE;
				MTL_FAST_MATH = YES;
				ONLY_ACTIVE_ARCH = YES;
				SDKROOT = iphoneos;
				SWIFT_ACTIVE_COMPILATION_CONDITIONS = DEBUG;
				SWIFT_OPTIMIZATION_LEVEL = "-Onone";
			};
			name = Debug;
		};
		7190D990237413FB00A78525 /* Release */ = {
			isa = XCBuildConfiguration;
			buildSettings = {
				ALWAYS_SEARCH_USER_PATHS = NO;
				CLANG_ANALYZER_NONNULL = YES;
				CLANG_ANALYZER_NUMBER_OBJECT_CONVERSION = YES_AGGRESSIVE;
				CLANG_CXX_LANGUAGE_STANDARD = "gnu++14";
				CLANG_CXX_LIBRARY = "libc++";
				CLANG_ENABLE_MODULES = YES;
				CLANG_ENABLE_OBJC_ARC = YES;
				CLANG_ENABLE_OBJC_WEAK = YES;
				CLANG_WARN_BLOCK_CAPTURE_AUTORELEASING = YES;
				CLANG_WARN_BOOL_CONVERSION = YES;
				CLANG_WARN_COMMA = YES;
				CLANG_WARN_CONSTANT_CONVERSION = YES;
				CLANG_WARN_DEPRECATED_OBJC_IMPLEMENTATIONS = YES;
				CLANG_WARN_DIRECT_OBJC_ISA_USAGE = YES_ERROR;
				CLANG_WARN_DOCUMENTATION_COMMENTS = YES;
				CLANG_WARN_EMPTY_BODY = YES;
				CLANG_WARN_ENUM_CONVERSION = YES;
				CLANG_WARN_INFINITE_RECURSION = YES;
				CLANG_WARN_INT_CONVERSION = YES;
				CLANG_WARN_NON_LITERAL_NULL_CONVERSION = YES;
				CLANG_WARN_OBJC_IMPLICIT_RETAIN_SELF = YES;
				CLANG_WARN_OBJC_LITERAL_CONVERSION = YES;
				CLANG_WARN_OBJC_ROOT_CLASS = YES_ERROR;
				CLANG_WARN_RANGE_LOOP_ANALYSIS = YES;
				CLANG_WARN_STRICT_PROTOTYPES = YES;
				CLANG_WARN_SUSPICIOUS_MOVE = YES;
				CLANG_WARN_UNGUARDED_AVAILABILITY = YES_AGGRESSIVE;
				CLANG_WARN_UNREACHABLE_CODE = YES;
				CLANG_WARN__DUPLICATE_METHOD_MATCH = YES;
				COPY_PHASE_STRIP = NO;
				DEBUG_INFORMATION_FORMAT = "dwarf-with-dsym";
				ENABLE_NS_ASSERTIONS = NO;
				ENABLE_STRICT_OBJC_MSGSEND = YES;
				GCC_C_LANGUAGE_STANDARD = gnu11;
				GCC_NO_COMMON_BLOCKS = YES;
				GCC_WARN_64_TO_32_BIT_CONVERSION = YES;
				GCC_WARN_ABOUT_RETURN_TYPE = YES_ERROR;
				GCC_WARN_UNDECLARED_SELECTOR = YES;
				GCC_WARN_UNINITIALIZED_AUTOS = YES_AGGRESSIVE;
				GCC_WARN_UNUSED_FUNCTION = YES;
				GCC_WARN_UNUSED_VARIABLE = YES;
				IPHONEOS_DEPLOYMENT_TARGET = 13.2;
				MTL_ENABLE_DEBUG_INFO = NO;
				MTL_FAST_MATH = YES;
				SDKROOT = iphoneos;
				SWIFT_COMPILATION_MODE = wholemodule;
				SWIFT_OPTIMIZATION_LEVEL = "-O";
				VALIDATE_PRODUCT = YES;
			};
			name = Release;
		};
		7190D992237413FB00A78525 /* Debug */ = {
			isa = XCBuildConfiguration;
			buildSettings = {
				ASSETCATALOG_COMPILER_APPICON_NAME = AppIcon;
				CODE_SIGN_STYLE = Automatic;
				DEVELOPMENT_TEAM = 5WPLH4V94L;
				INFOPLIST_FILE = CatsCollectionApp/Info.plist;
				IPHONEOS_DEPLOYMENT_TARGET = 13.0;
				LD_RUNPATH_SEARCH_PATHS = (
					"$(inherited)",
					"@executable_path/Frameworks",
				);
				PRODUCT_BUNDLE_IDENTIFIER = naina.CatsCollectionApp;
				PRODUCT_NAME = "$(TARGET_NAME)";
				SWIFT_VERSION = 5.0;
				TARGETED_DEVICE_FAMILY = "1,2";
			};
			name = Debug;
		};
		7190D993237413FB00A78525 /* Release */ = {
			isa = XCBuildConfiguration;
			buildSettings = {
				ASSETCATALOG_COMPILER_APPICON_NAME = AppIcon;
				CODE_SIGN_STYLE = Automatic;
				DEVELOPMENT_TEAM = 5WPLH4V94L;
				INFOPLIST_FILE = CatsCollectionApp/Info.plist;
				IPHONEOS_DEPLOYMENT_TARGET = 13.0;
				LD_RUNPATH_SEARCH_PATHS = (
					"$(inherited)",
					"@executable_path/Frameworks",
				);
				PRODUCT_BUNDLE_IDENTIFIER = naina.CatsCollectionApp;
				PRODUCT_NAME = "$(TARGET_NAME)";
				SWIFT_VERSION = 5.0;
				TARGETED_DEVICE_FAMILY = "1,2";
			};
			name = Release;
		};
		864B3D7123903C3F00704766 /* Debug */ = {
			isa = XCBuildConfiguration;
			buildSettings = {
				BUNDLE_LOADER = "$(TEST_HOST)";
				CODE_SIGN_STYLE = Automatic;
				INFOPLIST_FILE = CatsCollectionAppTests/Info.plist;
				LD_RUNPATH_SEARCH_PATHS = (
					"$(inherited)",
					"@executable_path/Frameworks",
					"@loader_path/Frameworks",
				);
				PRODUCT_BUNDLE_IDENTIFIER = com.Quagnitia.CatsCollectionAppTests;
				PRODUCT_NAME = "$(TARGET_NAME)";
				SWIFT_VERSION = 5.0;
				TARGETED_DEVICE_FAMILY = "1,2";
				TEST_HOST = "$(BUILT_PRODUCTS_DIR)/CatsCollectionApp.app/CatsCollectionApp";
			};
			name = Debug;
		};
		864B3D7223903C3F00704766 /* Release */ = {
			isa = XCBuildConfiguration;
			buildSettings = {
				BUNDLE_LOADER = "$(TEST_HOST)";
				CODE_SIGN_STYLE = Automatic;
				INFOPLIST_FILE = CatsCollectionAppTests/Info.plist;
				LD_RUNPATH_SEARCH_PATHS = (
					"$(inherited)",
					"@executable_path/Frameworks",
					"@loader_path/Frameworks",
				);
				PRODUCT_BUNDLE_IDENTIFIER = com.Quagnitia.CatsCollectionAppTests;
				PRODUCT_NAME = "$(TARGET_NAME)";
				SWIFT_VERSION = 5.0;
				TARGETED_DEVICE_FAMILY = "1,2";
				TEST_HOST = "$(BUILT_PRODUCTS_DIR)/CatsCollectionApp.app/CatsCollectionApp";
			};
			name = Release;
		};
/* End XCBuildConfiguration section */

/* Begin XCConfigurationList section */
		7190D962237413FA00A78525 /* Build configuration list for PBXProject "CatsCollectionApp" */ = {
			isa = XCConfigurationList;
			buildConfigurations = (
				7190D98F237413FB00A78525 /* Debug */,
				7190D990237413FB00A78525 /* Release */,
			);
			defaultConfigurationIsVisible = 0;
			defaultConfigurationName = Release;
		};
		7190D991237413FB00A78525 /* Build configuration list for PBXNativeTarget "CatsCollectionApp" */ = {
			isa = XCConfigurationList;
			buildConfigurations = (
				7190D992237413FB00A78525 /* Debug */,
				7190D993237413FB00A78525 /* Release */,
			);
			defaultConfigurationIsVisible = 0;
			defaultConfigurationName = Release;
		};
		864B3D7023903C3F00704766 /* Build configuration list for PBXNativeTarget "CatsCollectionAppTests" */ = {
			isa = XCConfigurationList;
			buildConfigurations = (
				864B3D7123903C3F00704766 /* Debug */,
				864B3D7223903C3F00704766 /* Release */,
			);
			defaultConfigurationIsVisible = 0;
			defaultConfigurationName = Release;
		};
/* End XCConfigurationList section */
	};
	rootObject = 7190D95F237413FA00A78525 /* Project object */;
}
